
Microsoft Visual Studio Solution File, Format Version 12.00
# Visual Studio Version 16
VisualStudioVersion = 16.0.31702.278
MinimumVisualStudioVersion = 10.0.40219.1
Project("{FAE04EC0-301F-11D3-BF4B-00C04F79EFBC}") = "oef1", "oef1\oef1.csproj", "{5BEDB14D-C227-42F2-9369-83346C1EDD10}"
EndProject
Project("{FAE04EC0-301F-11D3-BF4B-00C04F79EFBC}") = "oef3", "oef3\oef3.csproj", "{9D392A6C-82BA-4660-9F3C-C06D51939A72}"
EndProject
Project("{FAE04EC0-301F-11D3-BF4B-00C04F79EFBC}") = "oef4", "oef4\oef4.csproj", "{EA497D8C-1705-4114-9328-944C0767638C}"
EndProject
Project("{FAE04EC0-301F-11D3-BF4B-00C04F79EFBC}") = "oef 5", "oef 5\oef 5.csproj", "{D29F6B90-A8E9-4F54-AF23-378D4C0EAFB1}"
EndProject
Project("{FAE04EC0-301F-11D3-BF4B-00C04F79EFBC}") = "oef6", "oef6\oef6.csproj", "{472F1CDA-D1E7-4580-BDA0-8EFC25CC3974}"
EndProject
Project("{FAE04EC0-301F-11D3-BF4B-00C04F79EFBC}") = "oef2", "oef2\oef2.csproj", "{774C885A-0398-480A-8ACA-CE22AAB5516F}"
EndProject
Project("{FAE04EC0-301F-11D3-BF4B-00C04F79EFBC}") = "program", "program\program.csproj", "{C731BEA7-A8E3-4D78-9344-F0A87AB16089}"
EndProject
Project("{FAE04EC0-301F-11D3-BF4B-00C04F79EFBC}") = "char types", "char types\char types.csproj", "{9D6BB19F-F697-4029-AB48-AF247C981F5F}"
EndProject
Project("{FAE04EC0-301F-11D3-BF4B-00C04F79EFBC}") = "strings", "strings\strings.csproj", "{6EBC805F-C480-4760-BBA2-D3CCE0C2D438}"
EndProject
Global
	GlobalSection(SolutionConfigurationPlatforms) = preSolution
		Debug|Any CPU = Debug|Any CPU
		Release|Any CPU = Release|Any CPU
	EndGlobalSection
	GlobalSection(ProjectConfigurationPlatforms) = postSolution
		{5BEDB14D-C227-42F2-9369-83346C1EDD10}.Debug|Any CPU.ActiveCfg = Debug|Any CPU
		{5BEDB14D-C227-42F2-9369-83346C1EDD10}.Debug|Any CPU.Build.0 = Debug|Any CPU
		{5BEDB14D-C227-42F2-9369-83346C1EDD10}.Release|Any CPU.ActiveCfg = Release|Any CPU
		{5BEDB14D-C227-42F2-9369-83346C1EDD10}.Release|Any CPU.Build.0 = Release|Any CPU
		{9D392A6C-82BA-4660-9F3C-C06D51939A72}.Debug|Any CPU.ActiveCfg = Debug|Any CPU
		{9D392A6C-82BA-4660-9F3C-C06D51939A72}.Debug|Any CPU.Build.0 = Debug|Any CPU
		{9D392A6C-82BA-4660-9F3C-C06D51939A72}.Release|Any CPU.ActiveCfg = Release|Any CPU
		{9D392A6C-82BA-4660-9F3C-C06D51939A72}.Release|Any CPU.Build.0 = Release|Any CPU
		{EA497D8C-1705-4114-9328-944C0767638C}.Debug|Any CPU.ActiveCfg = Debug|Any CPU
		{EA497D8C-1705-4114-9328-944C0767638C}.Debug|Any CPU.Build.0 = Debug|Any CPU
		{EA497D8C-1705-4114-9328-944C0767638C}.Release|Any CPU.ActiveCfg = Release|Any CPU
		{EA497D8C-1705-4114-9328-944C0767638C}.Release|Any CPU.Build.0 = Release|Any CPU
		{D29F6B90-A8E9-4F54-AF23-378D4C0EAFB1}.Debug|Any CPU.ActiveCfg = Debug|Any CPU
		{D29F6B90-A8E9-4F54-AF23-378D4C0EAFB1}.Debug|Any CPU.Build.0 = Debug|Any CPU
		{D29F6B90-A8E9-4F54-AF23-378D4C0EAFB1}.Release|Any CPU.ActiveCfg = Release|Any CPU
		{D29F6B90-A8E9-4F54-AF23-378D4C0EAFB1}.Release|Any CPU.Build.0 = Release|Any CPU
		{472F1CDA-D1E7-4580-BDA0-8EFC25CC3974}.Debug|Any CPU.ActiveCfg = Debug|Any CPU
		{472F1CDA-D1E7-4580-BDA0-8EFC25CC3974}.Debug|Any CPU.Build.0 = Debug|Any CPU
		{472F1CDA-D1E7-4580-BDA0-8EFC25CC3974}.Release|Any CPU.ActiveCfg = Release|Any CPU
		{472F1CDA-D1E7-4580-BDA0-8EFC25CC3974}.Release|Any CPU.Build.0 = Release|Any CPU
		{774C885A-0398-480A-8ACA-CE22AAB5516F}.Debug|Any CPU.ActiveCfg = Debug|Any CPU
		{774C885A-0398-480A-8ACA-CE22AAB5516F}.Debug|Any CPU.Build.0 = Debug|Any CPU
		{774C885A-0398-480A-8ACA-CE22AAB5516F}.Release|Any CPU.ActiveCfg = Release|Any CPU
		{774C885A-0398-480A-8ACA-CE22AAB5516F}.Release|Any CPU.Build.0 = Release|Any CPU
		{C731BEA7-A8E3-4D78-9344-F0A87AB16089}.Debug|Any CPU.ActiveCfg = Debug|Any CPU
		{C731BEA7-A8E3-4D78-9344-F0A87AB16089}.Debug|Any CPU.Build.0 = Debug|Any CPU
		{C731BEA7-A8E3-4D78-9344-F0A87AB16089}.Release|Any CPU.ActiveCfg = Release|Any CPU
		{C731BEA7-A8E3-4D78-9344-F0A87AB16089}.Release|Any CPU.Build.0 = Release|Any CPU
		{9D6BB19F-F697-4029-AB48-AF247C981F5F}.Debug|Any CPU.ActiveCfg = Debug|Any CPU
		{9D6BB19F-F697-4029-AB48-AF247C981F5F}.Debug|Any CPU.Build.0 = Debug|Any CPU
		{9D6BB19F-F697-4029-AB48-AF247C981F5F}.Release|Any CPU.ActiveCfg = Release|Any CPU
		{9D6BB19F-F697-4029-AB48-AF247C981F5F}.Release|Any CPU.Build.0 = Release|Any CPU
		{6EBC805F-C480-4760-BBA2-D3CCE0C2D438}.Debug|Any CPU.ActiveCfg = Debug|Any CPU
		{6EBC805F-C480-4760-BBA2-D3CCE0C2D438}.Debug|Any CPU.Build.0 = Debug|Any CPU
		{6EBC805F-C480-4760-BBA2-D3CCE0C2D438}.Release|Any CPU.ActiveCfg = Release|Any CPU
		{6EBC805F-C480-4760-BBA2-D3CCE0C2D438}.Release|Any CPU.Build.0 = Release|Any CPU
	EndGlobalSection
	GlobalSection(SolutionProperties) = preSolution
		HideSolutionNode = FALSE
	EndGlobalSection
	GlobalSection(ExtensibilityGlobals) = postSolution
		SolutionGuid = {11EDC3DF-7348-46B3-8508-FAA324CFB402}
	EndGlobalSection
EndGlobal
